
Microsoft Visual Studio Solution File, Format Version 12.00
# Visual Studio 2012
Project("{FAE04EC0-301F-11D3-BF4B-00C04F79EFBC}") = "Taga.Core", "Core\Taga.Core\Taga.Core.csproj", "{90792732-31AB-4C3D-83FD-839C2F15F0CA}"
EndProject
Project("{2150E333-8FDC-42A3-9474-1A3956D46DE8}") = "Core", "Core", "{8C038561-B701-4A51-9AAA-B027BC78BE01}"
EndProject
Project("{2150E333-8FDC-42A3-9474-1A3956D46DE8}") = "Impl", "Impl", "{92E277B5-7AAC-47BF-9643-EBE5E3CF1449}"
EndProject
Project("{FAE04EC0-301F-11D3-BF4B-00C04F79EFBC}") = "Taga.Impl.DI.Ninject", "Impl\Taga.Impl.DI.Ninject\Taga.Impl.DI.Ninject.csproj", "{A63608E2-DF7A-42EE-BACA-D91522AEC729}"
EndProject
Project("{FAE04EC0-301F-11D3-BF4B-00C04F79EFBC}") = "Taga.Core.Cache", "Core\Taga.Core.Cache\Taga.Core.Cache.csproj", "{3ADD03C2-2AF9-45A6-81CA-05A0334836EF}"
EndProject
Project("{FAE04EC0-301F-11D3-BF4B-00C04F79EFBC}") = "Taga.Core.Configuration", "Core\Taga.Core.Configuration\Taga.Core.Configuration.csproj", "{D735E775-08CD-4AB3-826B-560A4C80CDF3}"
EndProject
Project("{FAE04EC0-301F-11D3-BF4B-00C04F79EFBC}") = "Taga.Core.DI", "Core\Taga.Core.DI\Taga.Core.DI.csproj", "{15CA43C4-940D-40A1-8980-EA9FB38C80CF}"
EndProject
Project("{FAE04EC0-301F-11D3-BF4B-00C04F79EFBC}") = "Taga.Core.Globalization", "Core\Taga.Core.Globalization\Taga.Core.Globalization.csproj", "{4EEEEF98-8C72-430B-8535-68CEBAF696B8}"
EndProject
Project("{FAE04EC0-301F-11D3-BF4B-00C04F79EFBC}") = "Taga.Core.Log", "Core\Taga.Core.Log\Taga.Core.Log.csproj", "{BA075200-3B53-4406-AD9F-60739701DBD1}"
EndProject
Project("{FAE04EC0-301F-11D3-BF4B-00C04F79EFBC}") = "Taga.Core.Model", "Core\Taga.Core.Model\Taga.Core.Model.csproj", "{BF461934-74E8-42A6-9F70-9CDAC0A04D51}"
EndProject
Project("{FAE04EC0-301F-11D3-BF4B-00C04F79EFBC}") = "Taga.Core.Repository", "Core\Taga.Core.Repository\Taga.Core.Repository.csproj", "{B7C297BF-D874-445C-BFA3-1A88515A45C9}"
EndProject
Project("{FAE04EC0-301F-11D3-BF4B-00C04F79EFBC}") = "Taga.Core.Security", "Core\Taga.Core.Security\Taga.Core.Security.csproj", "{51D9DC05-A01D-4D93-85F9-09A7C8A59965}"
EndProject
Project("{FAE04EC0-301F-11D3-BF4B-00C04F79EFBC}") = "Taga.Core.Service", "Core\Taga.Core.Service\Taga.Core.Service.csproj", "{C5B940E4-FE24-4EB9-8D1F-00F347CB759C}"
EndProject
Project("{FAE04EC0-301F-11D3-BF4B-00C04F79EFBC}") = "Taga.Impl.Repository.EntityFramework", "Impl\Taga.Impl.Repository.EntityFramework\Taga.Impl.Repository.EntityFramework.csproj", "{DD21CEEC-5C3B-46F7-96FF-DACD7BC9B0B9}"
EndProject
Project("{2150E333-8FDC-42A3-9474-1A3956D46DE8}") = "DI", "DI", "{30B97D6B-267C-4899-BDE5-E385D3AFFAC0}"
EndProject
Project("{2150E333-8FDC-42A3-9474-1A3956D46DE8}") = "Cache", "Cache", "{6B90B319-A85F-4815-83BB-2955F2F2EB59}"
EndProject
Project("{2150E333-8FDC-42A3-9474-1A3956D46DE8}") = "Repository", "Repository", "{448D9968-43CD-4BCF-9B62-51A197165814}"
EndProject
Project("{2150E333-8FDC-42A3-9474-1A3956D46DE8}") = "Tests", "Tests", "{7791732B-E49B-454A-9E72-68D0ECEF8EEF}"
EndProject
Project("{2150E333-8FDC-42A3-9474-1A3956D46DE8}") = "Tests", "Tests", "{BD7B32FE-B56C-400D-B7B0-FB40E58E50BE}"
EndProject
Project("{FAE04EC0-301F-11D3-BF4B-00C04F79EFBC}") = "Taga.Core.DynamicProxy", "Core\Taga.Core.DynamicProxy\Taga.Core.DynamicProxy.csproj", "{01C81632-9335-45C3-AACC-CF38CA5D868F}"
EndProject
Project("{FAE04EC0-301F-11D3-BF4B-00C04F79EFBC}") = "Taga.Impl.Cache.AppFabric", "Impl\Taga.Impl.Cache.AppFabric\Taga.Impl.Cache.AppFabric.csproj", "{C7FEB92F-5953-4BB4-9AD9-1D38CE395937}"
EndProject
Project("{FAE04EC0-301F-11D3-BF4B-00C04F79EFBC}") = "Taga.Impl.Cache.Memory", "Impl\Taga.Impl.Cache.Memory\Taga.Impl.Cache.Memory.csproj", "{8527E1AB-B08F-45FA-AA41-54B9B140AD06}"
EndProject
Project("{FAE04EC0-301F-11D3-BF4B-00C04F79EFBC}") = "Taga.Impl.DI.CastleWindsor", "Impl\Taga.Impl.DI.CastleWindsor\Taga.Impl.DI.CastleWindsor.csproj", "{FD7A8A26-6CF9-4D83-ACD0-334E33800EEA}"
EndProject
Project("{FAE04EC0-301F-11D3-BF4B-00C04F79EFBC}") = "Taga.Impl.Repository.NHibernate", "Impl\Taga.Impl.Repository.NHibernate\Taga.Impl.Repository.NHibernate.csproj", "{1A37C51B-FA93-440A-8CBD-67367DE7F0E9}"
EndProject
Project("{2150E333-8FDC-42A3-9474-1A3956D46DE8}") = "Config", "Config", "{64E633F0-2F48-4053-BD39-0F09CDA9E332}"
EndProject
Project("{FAE04EC0-301F-11D3-BF4B-00C04F79EFBC}") = "Taga.Impl.Configuration.Net", "Impl\Taga.Impl.Configuration.Net\Taga.Impl.Configuration.Net.csproj", "{4E00806F-CCE0-4447-949A-0C7F8D372373}"
EndProject
Project("{2150E333-8FDC-42A3-9474-1A3956D46DE8}") = "Log", "Log", "{29D2142E-D93E-4A41-8044-9406F6D06F8A}"
EndProject
Project("{FAE04EC0-301F-11D3-BF4B-00C04F79EFBC}") = "Taga.Impl.Log.Text", "Impl\Taga.Impl.Log.Text\Taga.Impl.Log.Text.csproj", "{37742A63-7152-47BB-83D9-02D8FB6689DD}"
EndProject
Project("{2150E333-8FDC-42A3-9474-1A3956D46DE8}") = "DynamicProxy", "DynamicProxy", "{847BFA59-E76E-412E-BD18-1D138D729918}"
EndProject
Project("{FAE04EC0-301F-11D3-BF4B-00C04F79EFBC}") = "Taga.Impl.DynamicProxy.Builder", "Impl\Taga.Impl.DynamicProxy.Builder\Taga.Impl.DynamicProxy.Builder.csproj", "{89597644-F7B1-4BBA-9F06-B1705515E5E6}"
EndProject
Global
	GlobalSection(SolutionConfigurationPlatforms) = preSolution
		Debug|Any CPU = Debug|Any CPU
		Release|Any CPU = Release|Any CPU
	EndGlobalSection
	GlobalSection(ProjectConfigurationPlatforms) = postSolution
		{90792732-31AB-4C3D-83FD-839C2F15F0CA}.Debug|Any CPU.ActiveCfg = Debug|Any CPU
		{90792732-31AB-4C3D-83FD-839C2F15F0CA}.Debug|Any CPU.Build.0 = Debug|Any CPU
		{90792732-31AB-4C3D-83FD-839C2F15F0CA}.Release|Any CPU.ActiveCfg = Release|Any CPU
		{90792732-31AB-4C3D-83FD-839C2F15F0CA}.Release|Any CPU.Build.0 = Release|Any CPU
		{A63608E2-DF7A-42EE-BACA-D91522AEC729}.Debug|Any CPU.ActiveCfg = Debug|Any CPU
		{A63608E2-DF7A-42EE-BACA-D91522AEC729}.Debug|Any CPU.Build.0 = Debug|Any CPU
		{A63608E2-DF7A-42EE-BACA-D91522AEC729}.Release|Any CPU.ActiveCfg = Release|Any CPU
		{A63608E2-DF7A-42EE-BACA-D91522AEC729}.Release|Any CPU.Build.0 = Release|Any CPU
		{3ADD03C2-2AF9-45A6-81CA-05A0334836EF}.Debug|Any CPU.ActiveCfg = Debug|Any CPU
		{3ADD03C2-2AF9-45A6-81CA-05A0334836EF}.Debug|Any CPU.Build.0 = Debug|Any CPU
		{3ADD03C2-2AF9-45A6-81CA-05A0334836EF}.Release|Any CPU.ActiveCfg = Release|Any CPU
		{3ADD03C2-2AF9-45A6-81CA-05A0334836EF}.Release|Any CPU.Build.0 = Release|Any CPU
		{D735E775-08CD-4AB3-826B-560A4C80CDF3}.Debug|Any CPU.ActiveCfg = Debug|Any CPU
		{D735E775-08CD-4AB3-826B-560A4C80CDF3}.Debug|Any CPU.Build.0 = Debug|Any CPU
		{D735E775-08CD-4AB3-826B-560A4C80CDF3}.Release|Any CPU.ActiveCfg = Release|Any CPU
		{D735E775-08CD-4AB3-826B-560A4C80CDF3}.Release|Any CPU.Build.0 = Release|Any CPU
		{15CA43C4-940D-40A1-8980-EA9FB38C80CF}.Debug|Any CPU.ActiveCfg = Debug|Any CPU
		{15CA43C4-940D-40A1-8980-EA9FB38C80CF}.Debug|Any CPU.Build.0 = Debug|Any CPU
		{15CA43C4-940D-40A1-8980-EA9FB38C80CF}.Release|Any CPU.ActiveCfg = Release|Any CPU
		{15CA43C4-940D-40A1-8980-EA9FB38C80CF}.Release|Any CPU.Build.0 = Release|Any CPU
		{4EEEEF98-8C72-430B-8535-68CEBAF696B8}.Debug|Any CPU.ActiveCfg = Debug|Any CPU
		{4EEEEF98-8C72-430B-8535-68CEBAF696B8}.Debug|Any CPU.Build.0 = Debug|Any CPU
		{4EEEEF98-8C72-430B-8535-68CEBAF696B8}.Release|Any CPU.ActiveCfg = Release|Any CPU
		{4EEEEF98-8C72-430B-8535-68CEBAF696B8}.Release|Any CPU.Build.0 = Release|Any CPU
		{BA075200-3B53-4406-AD9F-60739701DBD1}.Debug|Any CPU.ActiveCfg = Debug|Any CPU
		{BA075200-3B53-4406-AD9F-60739701DBD1}.Debug|Any CPU.Build.0 = Debug|Any CPU
		{BA075200-3B53-4406-AD9F-60739701DBD1}.Release|Any CPU.ActiveCfg = Release|Any CPU
		{BA075200-3B53-4406-AD9F-60739701DBD1}.Release|Any CPU.Build.0 = Release|Any CPU
		{BF461934-74E8-42A6-9F70-9CDAC0A04D51}.Debug|Any CPU.ActiveCfg = Debug|Any CPU
		{BF461934-74E8-42A6-9F70-9CDAC0A04D51}.Debug|Any CPU.Build.0 = Debug|Any CPU
		{BF461934-74E8-42A6-9F70-9CDAC0A04D51}.Release|Any CPU.ActiveCfg = Release|Any CPU
		{BF461934-74E8-42A6-9F70-9CDAC0A04D51}.Release|Any CPU.Build.0 = Release|Any CPU
		{B7C297BF-D874-445C-BFA3-1A88515A45C9}.Debug|Any CPU.ActiveCfg = Debug|Any CPU
		{B7C297BF-D874-445C-BFA3-1A88515A45C9}.Debug|Any CPU.Build.0 = Debug|Any CPU
		{B7C297BF-D874-445C-BFA3-1A88515A45C9}.Release|Any CPU.ActiveCfg = Release|Any CPU
		{B7C297BF-D874-445C-BFA3-1A88515A45C9}.Release|Any CPU.Build.0 = Release|Any CPU
		{51D9DC05-A01D-4D93-85F9-09A7C8A59965}.Debug|Any CPU.ActiveCfg = Debug|Any CPU
		{51D9DC05-A01D-4D93-85F9-09A7C8A59965}.Debug|Any CPU.Build.0 = Debug|Any CPU
		{51D9DC05-A01D-4D93-85F9-09A7C8A59965}.Release|Any CPU.ActiveCfg = Release|Any CPU
		{51D9DC05-A01D-4D93-85F9-09A7C8A59965}.Release|Any CPU.Build.0 = Release|Any CPU
		{C5B940E4-FE24-4EB9-8D1F-00F347CB759C}.Debug|Any CPU.ActiveCfg = Debug|Any CPU
		{C5B940E4-FE24-4EB9-8D1F-00F347CB759C}.Debug|Any CPU.Build.0 = Debug|Any CPU
		{C5B940E4-FE24-4EB9-8D1F-00F347CB759C}.Release|Any CPU.ActiveCfg = Release|Any CPU
		{C5B940E4-FE24-4EB9-8D1F-00F347CB759C}.Release|Any CPU.Build.0 = Release|Any CPU
		{DD21CEEC-5C3B-46F7-96FF-DACD7BC9B0B9}.Debug|Any CPU.ActiveCfg = Debug|Any CPU
		{DD21CEEC-5C3B-46F7-96FF-DACD7BC9B0B9}.Debug|Any CPU.Build.0 = Debug|Any CPU
		{DD21CEEC-5C3B-46F7-96FF-DACD7BC9B0B9}.Release|Any CPU.ActiveCfg = Release|Any CPU
		{DD21CEEC-5C3B-46F7-96FF-DACD7BC9B0B9}.Release|Any CPU.Build.0 = Release|Any CPU
		{01C81632-9335-45C3-AACC-CF38CA5D868F}.Debug|Any CPU.ActiveCfg = Debug|Any CPU
		{01C81632-9335-45C3-AACC-CF38CA5D868F}.Debug|Any CPU.Build.0 = Debug|Any CPU
		{01C81632-9335-45C3-AACC-CF38CA5D868F}.Release|Any CPU.ActiveCfg = Release|Any CPU
		{01C81632-9335-45C3-AACC-CF38CA5D868F}.Release|Any CPU.Build.0 = Release|Any CPU
		{C7FEB92F-5953-4BB4-9AD9-1D38CE395937}.Debug|Any CPU.ActiveCfg = Debug|Any CPU
		{C7FEB92F-5953-4BB4-9AD9-1D38CE395937}.Debug|Any CPU.Build.0 = Debug|Any CPU
		{C7FEB92F-5953-4BB4-9AD9-1D38CE395937}.Release|Any CPU.ActiveCfg = Release|Any CPU
		{C7FEB92F-5953-4BB4-9AD9-1D38CE395937}.Release|Any CPU.Build.0 = Release|Any CPU
		{8527E1AB-B08F-45FA-AA41-54B9B140AD06}.Debug|Any CPU.ActiveCfg = Debug|Any CPU
		{8527E1AB-B08F-45FA-AA41-54B9B140AD06}.Debug|Any CPU.Build.0 = Debug|Any CPU
		{8527E1AB-B08F-45FA-AA41-54B9B140AD06}.Release|Any CPU.ActiveCfg = Release|Any CPU
		{8527E1AB-B08F-45FA-AA41-54B9B140AD06}.Release|Any CPU.Build.0 = Release|Any CPU
		{FD7A8A26-6CF9-4D83-ACD0-334E33800EEA}.Debug|Any CPU.ActiveCfg = Debug|Any CPU
		{FD7A8A26-6CF9-4D83-ACD0-334E33800EEA}.Debug|Any CPU.Build.0 = Debug|Any CPU
		{FD7A8A26-6CF9-4D83-ACD0-334E33800EEA}.Release|Any CPU.ActiveCfg = Release|Any CPU
		{FD7A8A26-6CF9-4D83-ACD0-334E33800EEA}.Release|Any CPU.Build.0 = Release|Any CPU
		{1A37C51B-FA93-440A-8CBD-67367DE7F0E9}.Debug|Any CPU.ActiveCfg = Debug|Any CPU
		{1A37C51B-FA93-440A-8CBD-67367DE7F0E9}.Debug|Any CPU.Build.0 = Debug|Any CPU
		{1A37C51B-FA93-440A-8CBD-67367DE7F0E9}.Release|Any CPU.ActiveCfg = Release|Any CPU
		{1A37C51B-FA93-440A-8CBD-67367DE7F0E9}.Release|Any CPU.Build.0 = Release|Any CPU
		{4E00806F-CCE0-4447-949A-0C7F8D372373}.Debug|Any CPU.ActiveCfg = Debug|Any CPU
		{4E00806F-CCE0-4447-949A-0C7F8D372373}.Debug|Any CPU.Build.0 = Debug|Any CPU
		{4E00806F-CCE0-4447-949A-0C7F8D372373}.Release|Any CPU.ActiveCfg = Release|Any CPU
		{4E00806F-CCE0-4447-949A-0C7F8D372373}.Release|Any CPU.Build.0 = Release|Any CPU
		{37742A63-7152-47BB-83D9-02D8FB6689DD}.Debug|Any CPU.ActiveCfg = Debug|Any CPU
		{37742A63-7152-47BB-83D9-02D8FB6689DD}.Debug|Any CPU.Build.0 = Debug|Any CPU
		{37742A63-7152-47BB-83D9-02D8FB6689DD}.Release|Any CPU.ActiveCfg = Release|Any CPU
		{37742A63-7152-47BB-83D9-02D8FB6689DD}.Release|Any CPU.Build.0 = Release|Any CPU
		{89597644-F7B1-4BBA-9F06-B1705515E5E6}.Debug|Any CPU.ActiveCfg = Debug|Any CPU
		{89597644-F7B1-4BBA-9F06-B1705515E5E6}.Debug|Any CPU.Build.0 = Debug|Any CPU
		{89597644-F7B1-4BBA-9F06-B1705515E5E6}.Release|Any CPU.ActiveCfg = Release|Any CPU
		{89597644-F7B1-4BBA-9F06-B1705515E5E6}.Release|Any CPU.Build.0 = Release|Any CPU
	EndGlobalSection
	GlobalSection(SolutionProperties) = preSolution
		HideSolutionNode = FALSE
	EndGlobalSection
	GlobalSection(NestedProjects) = preSolution
		{90792732-31AB-4C3D-83FD-839C2F15F0CA} = {8C038561-B701-4A51-9AAA-B027BC78BE01}
		{3ADD03C2-2AF9-45A6-81CA-05A0334836EF} = {8C038561-B701-4A51-9AAA-B027BC78BE01}
		{D735E775-08CD-4AB3-826B-560A4C80CDF3} = {8C038561-B701-4A51-9AAA-B027BC78BE01}
		{15CA43C4-940D-40A1-8980-EA9FB38C80CF} = {8C038561-B701-4A51-9AAA-B027BC78BE01}
		{4EEEEF98-8C72-430B-8535-68CEBAF696B8} = {8C038561-B701-4A51-9AAA-B027BC78BE01}
		{BA075200-3B53-4406-AD9F-60739701DBD1} = {8C038561-B701-4A51-9AAA-B027BC78BE01}
		{BF461934-74E8-42A6-9F70-9CDAC0A04D51} = {8C038561-B701-4A51-9AAA-B027BC78BE01}
		{B7C297BF-D874-445C-BFA3-1A88515A45C9} = {8C038561-B701-4A51-9AAA-B027BC78BE01}
		{51D9DC05-A01D-4D93-85F9-09A7C8A59965} = {8C038561-B701-4A51-9AAA-B027BC78BE01}
		{C5B940E4-FE24-4EB9-8D1F-00F347CB759C} = {8C038561-B701-4A51-9AAA-B027BC78BE01}
		{7791732B-E49B-454A-9E72-68D0ECEF8EEF} = {8C038561-B701-4A51-9AAA-B027BC78BE01}
		{01C81632-9335-45C3-AACC-CF38CA5D868F} = {8C038561-B701-4A51-9AAA-B027BC78BE01}
		{30B97D6B-267C-4899-BDE5-E385D3AFFAC0} = {92E277B5-7AAC-47BF-9643-EBE5E3CF1449}
		{448D9968-43CD-4BCF-9B62-51A197165814} = {92E277B5-7AAC-47BF-9643-EBE5E3CF1449}
		{6B90B319-A85F-4815-83BB-2955F2F2EB59} = {92E277B5-7AAC-47BF-9643-EBE5E3CF1449}
		{BD7B32FE-B56C-400D-B7B0-FB40E58E50BE} = {92E277B5-7AAC-47BF-9643-EBE5E3CF1449}
		{64E633F0-2F48-4053-BD39-0F09CDA9E332} = {92E277B5-7AAC-47BF-9643-EBE5E3CF1449}
		{29D2142E-D93E-4A41-8044-9406F6D06F8A} = {92E277B5-7AAC-47BF-9643-EBE5E3CF1449}
		{847BFA59-E76E-412E-BD18-1D138D729918} = {92E277B5-7AAC-47BF-9643-EBE5E3CF1449}
		{A63608E2-DF7A-42EE-BACA-D91522AEC729} = {30B97D6B-267C-4899-BDE5-E385D3AFFAC0}
		{FD7A8A26-6CF9-4D83-ACD0-334E33800EEA} = {30B97D6B-267C-4899-BDE5-E385D3AFFAC0}
		{DD21CEEC-5C3B-46F7-96FF-DACD7BC9B0B9} = {448D9968-43CD-4BCF-9B62-51A197165814}
		{1A37C51B-FA93-440A-8CBD-67367DE7F0E9} = {448D9968-43CD-4BCF-9B62-51A197165814}
		{C7FEB92F-5953-4BB4-9AD9-1D38CE395937} = {6B90B319-A85F-4815-83BB-2955F2F2EB59}
		{8527E1AB-B08F-45FA-AA41-54B9B140AD06} = {6B90B319-A85F-4815-83BB-2955F2F2EB59}
		{4E00806F-CCE0-4447-949A-0C7F8D372373} = {64E633F0-2F48-4053-BD39-0F09CDA9E332}
		{37742A63-7152-47BB-83D9-02D8FB6689DD} = {29D2142E-D93E-4A41-8044-9406F6D06F8A}
		{89597644-F7B1-4BBA-9F06-B1705515E5E6} = {847BFA59-E76E-412E-BD18-1D138D729918}
	EndGlobalSection
EndGlobal
